// !$*UTF8*$!
{
	archiveVersion = 1;
	classes = {
	};
	objectVersion = 55;
	objects = {

/* Begin PBXBuildFile section */
		DAA7682E27416BAC0084C76D /* SettingsApp.swift in Sources */ = {isa = PBXBuildFile; fileRef = DAA7682D27416BAC0084C76D /* SettingsApp.swift */; };
		DAA7683027416BAC0084C76D /* ContentView.swift in Sources */ = {isa = PBXBuildFile; fileRef = DAA7682F27416BAC0084C76D /* ContentView.swift */; };
		DAA7683227416BAD0084C76D /* Assets.xcassets in Resources */ = {isa = PBXBuildFile; fileRef = DAA7683127416BAD0084C76D /* Assets.xcassets */; };
		DAA7683527416BAD0084C76D /* Preview Assets.xcassets in Resources */ = {isa = PBXBuildFile; fileRef = DAA7683427416BAD0084C76D /* Preview Assets.xcassets */; };
		DAA7683F27416BAD0084C76D /* SettingsTests.swift in Sources */ = {isa = PBXBuildFile; fileRef = DAA7683E27416BAD0084C76D /* SettingsTests.swift */; };
		DAA7684927416BAD0084C76D /* SettingsUITests.swift in Sources */ = {isa = PBXBuildFile; fileRef = DAA7684827416BAD0084C76D /* SettingsUITests.swift */; };
		DAA7684B27416BAD0084C76D /* SettingsUITestsLaunchTests.swift in Sources */ = {isa = PBXBuildFile; fileRef = DAA7684A27416BAD0084C76D /* SettingsUITestsLaunchTests.swift */; };
/* End PBXBuildFile section */

/* Begin PBXContainerItemProxy section */
		DAA7683B27416BAD0084C76D /* PBXContainerItemProxy */ = {
			isa = PBXContainerItemProxy;
			containerPortal = DAA7682227416BAC0084C76D /* Project object */;
			proxyType = 1;
			remoteGlobalIDString = DAA7682927416BAC0084C76D;
			remoteInfo = Settings;
		};
		DAA7684527416BAD0084C76D /* PBXContainerItemProxy */ = {
			isa = PBXContainerItemProxy;
			containerPortal = DAA7682227416BAC0084C76D /* Project object */;
			proxyType = 1;
			remoteGlobalIDString = DAA7682927416BAC0084C76D;
			remoteInfo = Settings;
		};
/* End PBXContainerItemProxy section */

/* Begin PBXFileReference section */
		DAA7682A27416BAC0084C76D /* Settings.app */ = {isa = PBXFileReference; explicitFileType = wrapper.application; includeInIndex = 0; path = Settings.app; sourceTree = BUILT_PRODUCTS_DIR; };
		DAA7682D27416BAC0084C76D /* SettingsApp.swift */ = {isa = PBXFileReference; lastKnownFileType = sourcecode.swift; path = SettingsApp.swift; sourceTree = "<group>"; };
		DAA7682F27416BAC0084C76D /* ContentView.swift */ = {isa = PBXFileReference; lastKnownFileType = sourcecode.swift; path = ContentView.swift; sourceTree = "<group>"; };
		DAA7683127416BAD0084C76D /* Assets.xcassets */ = {isa = PBXFileReference; lastKnownFileType = folder.assetcatalog; path = Assets.xcassets; sourceTree = "<group>"; };
		DAA7683427416BAD0084C76D /* Preview Assets.xcassets */ = {isa = PBXFileReference; lastKnownFileType = folder.assetcatalog; path = "Preview Assets.xcassets"; sourceTree = "<group>"; };
		DAA7683A27416BAD0084C76D /* SettingsTests.xctest */ = {isa = PBXFileReference; explicitFileType = wrapper.cfbundle; includeInIndex = 0; path = SettingsTests.xctest; sourceTree = BUILT_PRODUCTS_DIR; };
		DAA7683E27416BAD0084C76D /* SettingsTests.swift */ = {isa = PBXFileReference; lastKnownFileType = sourcecode.swift; path = SettingsTests.swift; sourceTree = "<group>"; };
		DAA7684427416BAD0084C76D /* SettingsUITests.xctest */ = {isa = PBXFileReference; explicitFileType = wrapper.cfbundle; includeInIndex = 0; path = SettingsUITests.xctest; sourceTree = BUILT_PRODUCTS_DIR; };
		DAA7684827416BAD0084C76D /* SettingsUITests.swift */ = {isa = PBXFileReference; lastKnownFileType = sourcecode.swift; path = SettingsUITests.swift; sourceTree = "<group>"; };
		DAA7684A27416BAD0084C76D /* SettingsUITestsLaunchTests.swift */ = {isa = PBXFileReference; lastKnownFileType = sourcecode.swift; path = SettingsUITestsLaunchTests.swift; sourceTree = "<group>"; };
/* End PBXFileReference section */

/* Begin PBXFrameworksBuildPhase section */
		DAA7682727416BAC0084C76D /* Frameworks */ = {
			isa = PBXFrameworksBuildPhase;
			buildActionMask = 2147483647;
			files = (
			);
			runOnlyForDeploymentPostprocessing = 0;
		};
		DAA7683727416BAD0084C76D /* Frameworks */ = {
			isa = PBXFrameworksBuildPhase;
			buildActionMask = 2147483647;
			files = (
			);
			runOnlyForDeploymentPostprocessing = 0;
		};
		DAA7684127416BAD0084C76D /* Frameworks */ = {
			isa = PBXFrameworksBuildPhase;
			buildActionMask = 2147483647;
			files = (
			);
			runOnlyForDeploymentPostprocessing = 0;
		};
/* End PBXFrameworksBuildPhase section */

/* Begin PBXGroup section */
		DAA7682127416BAC0084C76D = {
			isa = PBXGroup;
			children = (
				DAA7682C27416BAC0084C76D /* Settings */,
				DAA7683D27416BAD0084C76D /* SettingsTests */,
				DAA7684727416BAD0084C76D /* SettingsUITests */,
				DAA7682B27416BAC0084C76D /* Products */,
			);
			sourceTree = "<group>";
		};
		DAA7682B27416BAC0084C76D /* Products */ = {
			isa = PBXGroup;
			children = (
				DAA7682A27416BAC0084C76D /* Settings.app */,
				DAA7683A27416BAD0084C76D /* SettingsTests.xctest */,
				DAA7684427416BAD0084C76D /* SettingsUITests.xctest */,
			);
			name = Products;
			sourceTree = "<group>";
		};
		DAA7682C27416BAC0084C76D /* Settings */ = {
			isa = PBXGroup;
			children = (
				DAA7682D27416BAC0084C76D /* SettingsApp.swift */,
				DAA7682F27416BAC0084C76D /* ContentView.swift */,
				DAA7683127416BAD0084C76D /* Assets.xcassets */,
				DAA7683327416BAD0084C76D /* Preview Content */,
			);
			path = Settings;
			sourceTree = "<group>";
		};
		DAA7683327416BAD0084C76D /* Preview Content */ = {
			isa = PBXGroup;
			children = (
				DAA7683427416BAD0084C76D /* Preview Assets.xcassets */,
			);
			path = "Preview Content";
			sourceTree = "<group>";
		};
		DAA7683D27416BAD0084C76D /* SettingsTests */ = {
			isa = PBXGroup;
			children = (
				DAA7683E27416BAD0084C76D /* SettingsTests.swift */,
			);
			path = SettingsTests;
			sourceTree = "<group>";
		};
		DAA7684727416BAD0084C76D /* SettingsUITests */ = {
			isa = PBXGroup;
			children = (
				DAA7684827416BAD0084C76D /* SettingsUITests.swift */,
				DAA7684A27416BAD0084C76D /* SettingsUITestsLaunchTests.swift */,
			);
			path = SettingsUITests;
			sourceTree = "<group>";
		};
/* End PBXGroup section */

/* Begin PBXNativeTarget section */
		DAA7682927416BAC0084C76D /* Settings */ = {
			isa = PBXNativeTarget;
			buildConfigurationList = DAA7684E27416BAD0084C76D /* Build configuration list for PBXNativeTarget "Settings" */;
			buildPhases = (
				DAA7682627416BAC0084C76D /* Sources */,
				DAA7682727416BAC0084C76D /* Frameworks */,
				DAA7682827416BAC0084C76D /* Resources */,
			);
			buildRules = (
			);
			dependencies = (
			);
			name = Settings;
			productName = Settings;
			productReference = DAA7682A27416BAC0084C76D /* Settings.app */;
			productType = "com.apple.product-type.application";
		};
		DAA7683927416BAD0084C76D /* SettingsTests */ = {
			isa = PBXNativeTarget;
			buildConfigurationList = DAA7685127416BAD0084C76D /* Build configuration list for PBXNativeTarget "SettingsTests" */;
			buildPhases = (
				DAA7683627416BAD0084C76D /* Sources */,
				DAA7683727416BAD0084C76D /* Frameworks */,
				DAA7683827416BAD0084C76D /* Resources */,
			);
			buildRules = (
			);
			dependencies = (
				DAA7683C27416BAD0084C76D /* PBXTargetDependency */,
			);
			name = SettingsTests;
			productName = SettingsTests;
			productReference = DAA7683A27416BAD0084C76D /* SettingsTests.xctest */;
			productType = "com.apple.product-type.bundle.unit-test";
		};
		DAA7684327416BAD0084C76D /* SettingsUITests */ = {
			isa = PBXNativeTarget;
			buildConfigurationList = DAA7685427416BAD0084C76D /* Build configuration list for PBXNativeTarget "SettingsUITests" */;
			buildPhases = (
				DAA7684027416BAD0084C76D /* Sources */,
				DAA7684127416BAD0084C76D /* Frameworks */,
				DAA7684227416BAD0084C76D /* Resources */,
			);
			buildRules = (
			);
			dependencies = (
				DAA7684627416BAD0084C76D /* PBXTargetDependency */,
			);
			name = SettingsUITests;
			productName = SettingsUITests;
			productReference = DAA7684427416BAD0084C76D /* SettingsUITests.xctest */;
			productType = "com.apple.product-type.bundle.ui-testing";
		};
/* End PBXNativeTarget section */

/* Begin PBXProject section */
		DAA7682227416BAC0084C76D /* Project object */ = {
			isa = PBXProject;
			attributes = {
				BuildIndependentTargetsInParallel = 1;
				LastSwiftUpdateCheck = 1310;
				LastUpgradeCheck = 1310;
				TargetAttributes = {
					DAA7682927416BAC0084C76D = {
						CreatedOnToolsVersion = 13.1;
					};
					DAA7683927416BAD0084C76D = {
						CreatedOnToolsVersion = 13.1;
						TestTargetID = DAA7682927416BAC0084C76D;
					};
					DAA7684327416BAD0084C76D = {
						CreatedOnToolsVersion = 13.1;
						TestTargetID = DAA7682927416BAC0084C76D;
					};
				};
			};
			buildConfigurationList = DAA7682527416BAC0084C76D /* Build configuration list for PBXProject "Settings" */;
			compatibilityVersion = "Xcode 13.0";
			developmentRegion = en;
			hasScannedForEncodings = 0;
			knownRegions = (
				en,
				Base,
			);
			mainGroup = DAA7682127416BAC0084C76D;
			productRefGroup = DAA7682B27416BAC0084C76D /* Products */;
			projectDirPath = "";
			projectRoot = "";
			targets = (
				DAA7682927416BAC0084C76D /* Settings */,
				DAA7683927416BAD0084C76D /* SettingsTests */,
				DAA7684327416BAD0084C76D /* SettingsUITests */,
			);
		};
/* End PBXProject section */

/* Begin PBXResourcesBuildPhase section */
		DAA7682827416BAC0084C76D /* Resources */ = {
			isa = PBXResourcesBuildPhase;
			buildActionMask = 2147483647;
			files = (
				DAA7683527416BAD0084C76D /* Preview Assets.xcassets in Resources */,
				DAA7683227416BAD0084C76D /* Assets.xcassets in Resources */,
			);
			runOnlyForDeploymentPostprocessing = 0;
		};
		DAA7683827416BAD0084C76D /* Resources */ = {
			isa = PBXResourcesBuildPhase;
			buildActionMask = 2147483647;
			files = (
			);
			runOnlyForDeploymentPostprocessing = 0;
		};
		DAA7684227416BAD0084C76D /* Resources */ = {
			isa = PBXResourcesBuildPhase;
			buildActionMask = 2147483647;
			files = (
			);
			runOnlyForDeploymentPostprocessing = 0;
		};
/* End PBXResourcesBuildPhase section */

/* Begin PBXSourcesBuildPhase section */
		DAA7682627416BAC0084C76D /* Sources */ = {
			isa = PBXSourcesBuildPhase;
			buildActionMask = 2147483647;
			files = (
				DAA7683027416BAC0084C76D /* ContentView.swift in Sources */,
				DAA7682E27416BAC0084C76D /* SettingsApp.swift in Sources */,
			);
			runOnlyForDeploymentPostprocessing = 0;
		};
		DAA7683627416BAD0084C76D /* Sources */ = {
			isa = PBXSourcesBuildPhase;
			buildActionMask = 2147483647;
			files = (
				DAA7683F27416BAD0084C76D /* SettingsTests.swift in Sources */,
			);
			runOnlyForDeploymentPostprocessing = 0;
		};
		DAA7684027416BAD0084C76D /* Sources */ = {
			isa = PBXSourcesBuildPhase;
			buildActionMask = 2147483647;
			files = (
				DAA7684B27416BAD0084C76D /* SettingsUITestsLaunchTests.swift in Sources */,
				DAA7684927416BAD0084C76D /* SettingsUITests.swift in Sources */,
			);
			runOnlyForDeploymentPostprocessing = 0;
		};
/* End PBXSourcesBuildPhase section */

/* Begin PBXTargetDependency section */
		DAA7683C27416BAD0084C76D /* PBXTargetDependency */ = {
			isa = PBXTargetDependency;
			target = DAA7682927416BAC0084C76D /* Settings */;
			targetProxy = DAA7683B27416BAD0084C76D /* PBXContainerItemProxy */;
		};
		DAA7684627416BAD0084C76D /* PBXTargetDependency */ = {
			isa = PBXTargetDependency;
			target = DAA7682927416BAC0084C76D /* Settings */;
			targetProxy = DAA7684527416BAD0084C76D /* PBXContainerItemProxy */;
		};
/* End PBXTargetDependency section */

/* Begin XCBuildConfiguration section */
		DAA7684C27416BAD0084C76D /* Debug */ = {
			isa = XCBuildConfiguration;
			buildSettings = {
				ALWAYS_SEARCH_USER_PATHS = NO;
				CLANG_ANALYZER_NONNULL = YES;
				CLANG_ANALYZER_NUMBER_OBJECT_CONVERSION = YES_AGGRESSIVE;
				CLANG_CXX_LANGUAGE_STANDARD = "gnu++17";
				CLANG_CXX_LIBRARY = "libc++";
				CLANG_ENABLE_MODULES = YES;
				CLANG_ENABLE_OBJC_ARC = YES;
				CLANG_ENABLE_OBJC_WEAK = YES;
				CLANG_WARN_BLOCK_CAPTURE_AUTORELEASING = YES;
				CLANG_WARN_BOOL_CONVERSION = YES;
				CLANG_WARN_COMMA = YES;
				CLANG_WARN_CONSTANT_CONVERSION = YES;
				CLANG_WARN_DEPRECATED_OBJC_IMPLEMENTATIONS = YES;
				CLANG_WARN_DIRECT_OBJC_ISA_USAGE = YES_ERROR;
				CLANG_WARN_DOCUMENTATION_COMMENTS = YES;
				CLANG_WARN_EMPTY_BODY = YES;
				CLANG_WARN_ENUM_CONVERSION = YES;
				CLANG_WARN_INFINITE_RECURSION = YES;
				CLANG_WARN_INT_CONVERSION = YES;
				CLANG_WARN_NON_LITERAL_NULL_CONVERSION = YES;
				CLANG_WARN_OBJC_IMPLICIT_RETAIN_SELF = YES;
				CLANG_WARN_OBJC_LITERAL_CONVERSION = YES;
				CLANG_WARN_OBJC_ROOT_CLASS = YES_ERROR;
				CLANG_WARN_QUOTED_INCLUDE_IN_FRAMEWORK_HEADER = YES;
				CLANG_WARN_RANGE_LOOP_ANALYSIS = YES;
				CLANG_WARN_STRICT_PROTOTYPES = YES;
				CLANG_WARN_SUSPICIOUS_MOVE = YES;
				CLANG_WARN_UNGUARDED_AVAILABILITY = YES_AGGRESSIVE;
				CLANG_WARN_UNREACHABLE_CODE = YES;
				CLANG_WARN__DUPLICATE_METHOD_MATCH = YES;
				COPY_PHASE_STRIP = NO;
				DEBUG_INFORMATION_FORMAT = dwarf;
				ENABLE_STRICT_OBJC_MSGSEND = YES;
				ENABLE_TESTABILITY = YES;
				GCC_C_LANGUAGE_STANDARD = gnu11;
				GCC_DYNAMIC_NO_PIC = NO;
				GCC_NO_COMMON_BLOCKS = YES;
				GCC_OPTIMIZATION_LEVEL = 0;
				GCC_PREPROCESSOR_DEFINITIONS = (
					"DEBUG=1",
					"$(inherited)",
				);
				GCC_WARN_64_TO_32_BIT_CONVERSION = YES;
				GCC_WARN_ABOUT_RETURN_TYPE = YES_ERROR;
				GCC_WARN_UNDECLARED_SELECTOR = YES;
				GCC_WARN_UNINITIALIZED_AUTOS = YES_AGGRESSIVE;
				GCC_WARN_UNUSED_FUNCTION = YES;
				GCC_WARN_UNUSED_VARIABLE = YES;
				IPHONEOS_DEPLOYMENT_TARGET = 15.0;
				MTL_ENABLE_DEBUG_INFO = INCLUDE_SOURCE;
				MTL_FAST_MATH = YES;
				ONLY_ACTIVE_ARCH = YES;
				SDKROOT = iphoneos;
				SWIFT_ACTIVE_COMPILATION_CONDITIONS = DEBUG;
				SWIFT_OPTIMIZATION_LEVEL = "-Onone";
			};
			name = Debug;
		};
		DAA7684D27416BAD0084C76D /* Release */ = {
			isa = XCBuildConfiguration;
			buildSettings = {
				ALWAYS_SEARCH_USER_PATHS = NO;
				CLANG_ANALYZER_NONNULL = YES;
				CLANG_ANALYZER_NUMBER_OBJECT_CONVERSION = YES_AGGRESSIVE;
				CLANG_CXX_LANGUAGE_STANDARD = "gnu++17";
				CLANG_CXX_LIBRARY = "libc++";
				CLANG_ENABLE_MODULES = YES;
				CLANG_ENABLE_OBJC_ARC = YES;
				CLANG_ENABLE_OBJC_WEAK = YES;
				CLANG_WARN_BLOCK_CAPTURE_AUTORELEASING = YES;
				CLANG_WARN_BOOL_CONVERSION = YES;
				CLANG_WARN_COMMA = YES;
				CLANG_WARN_CONSTANT_CONVERSION = YES;
				CLANG_WARN_DEPRECATED_OBJC_IMPLEMENTATIONS = YES;
				CLANG_WARN_DIRECT_OBJC_ISA_USAGE = YES_ERROR;
				CLANG_WARN_DOCUMENTATION_COMMENTS = YES;
				CLANG_WARN_EMPTY_BODY = YES;
				CLANG_WARN_ENUM_CONVERSION = YES;
				CLANG_WARN_INFINITE_RECURSION = YES;
				CLANG_WARN_INT_CONVERSION = YES;
				CLANG_WARN_NON_LITERAL_NULL_CONVERSION = YES;
				CLANG_WARN_OBJC_IMPLICIT_RETAIN_SELF = YES;
				CLANG_WARN_OBJC_LITERAL_CONVERSION = YES;
				CLANG_WARN_OBJC_ROOT_CLASS = YES_ERROR;
				CLANG_WARN_QUOTED_INCLUDE_IN_FRAMEWORK_HEADER = YES;
				CLANG_WARN_RANGE_LOOP_ANALYSIS = YES;
				CLANG_WARN_STRICT_PROTOTYPES = YES;
				CLANG_WARN_SUSPICIOUS_MOVE = YES;
				CLANG_WARN_UNGUARDED_AVAILABILITY = YES_AGGRESSIVE;
				CLANG_WARN_UNREACHABLE_CODE = YES;
				CLANG_WARN__DUPLICATE_METHOD_MATCH = YES;
				COPY_PHASE_STRIP = NO;
				DEBUG_INFORMATION_FORMAT = "dwarf-with-dsym";
				ENABLE_NS_ASSERTIONS = NO;
				ENABLE_STRICT_OBJC_MSGSEND = YES;
				GCC_C_LANGUAGE_STANDARD = gnu11;
				GCC_NO_COMMON_BLOCKS = YES;
				GCC_WARN_64_TO_32_BIT_CONVERSION = YES;
				GCC_WARN_ABOUT_RETURN_TYPE = YES_ERROR;
				GCC_WARN_UNDECLARED_SELECTOR = YES;
				GCC_WARN_UNINITIALIZED_AUTOS = YES_AGGRESSIVE;
				GCC_WARN_UNUSED_FUNCTION = YES;
				GCC_WARN_UNUSED_VARIABLE = YES;
				IPHONEOS_DEPLOYMENT_TARGET = 15.0;
				MTL_ENABLE_DEBUG_INFO = NO;
				MTL_FAST_MATH = YES;
				SDKROOT = iphoneos;
				SWIFT_COMPILATION_MODE = wholemodule;
				SWIFT_OPTIMIZATION_LEVEL = "-O";
				VALIDATE_PRODUCT = YES;
			};
			name = Release;
		};
		DAA7684F27416BAD0084C76D /* Debug */ = {
			isa = XCBuildConfiguration;
			buildSettings = {
				ASSETCATALOG_COMPILER_APPICON_NAME = AppIcon;
				ASSETCATALOG_COMPILER_GLOBAL_ACCENT_COLOR_NAME = AccentColor;
				CODE_SIGN_STYLE = Automatic;
				CURRENT_PROJECT_VERSION = 1;
				DEVELOPMENT_ASSET_PATHS = "\"Settings/Preview Content\"";
				ENABLE_PREVIEWS = YES;
				GENERATE_INFOPLIST_FILE = YES;
				INFOPLIST_KEY_UIApplicationSceneManifest_Generation = YES;
				INFOPLIST_KEY_UIApplicationSupportsIndirectInputEvents = YES;
				INFOPLIST_KEY_UILaunchScreen_Generation = YES;
				INFOPLIST_KEY_UISupportedInterfaceOrientations_iPad = "UIInterfaceOrientationPortrait UIInterfaceOrientationPortraitUpsideDown UIInterfaceOrientationLandscapeLeft UIInterfaceOrientationLandscapeRight";
				INFOPLIST_KEY_UISupportedInterfaceOrientations_iPhone = "UIInterfaceOrientationPortrait UIInterfaceOrientationLandscapeLeft UIInterfaceOrientationLandscapeRight";
				LD_RUNPATH_SEARCH_PATHS = (
					"$(inherited)",
					"@executable_path/Frameworks",
				);
				MARKETING_VERSION = 1.0;
				PRODUCT_BUNDLE_IDENTIFIER = at.guelly.Settings;
				PRODUCT_NAME = "$(TARGET_NAME)";
				SWIFT_EMIT_LOC_STRINGS = YES;
				SWIFT_VERSION = 5.0;
				TARGETED_DEVICE_FAMILY = "1,2";
			};
			name = Debug;
		};
		DAA7685027416BAD0084C76D /* Release */ = {
			isa = XCBuildConfiguration;
			buildSettings = {
				ASSETCATALOG_COMPILER_APPICON_NAME = AppIcon;
				ASSETCATALOG_COMPILER_GLOBAL_ACCENT_COLOR_NAME = AccentColor;
				CODE_SIGN_STYLE = Automatic;
				CURRENT_PROJECT_VERSION = 1;
				DEVELOPMENT_ASSET_PATHS = "\"Settings/Preview Content\"";
				ENABLE_PREVIEWS = YES;
				GENERATE_INFOPLIST_FILE = YES;
				INFOPLIST_KEY_UIApplicationSceneManifest_Generation = YES;
				INFOPLIST_KEY_UIApplicationSupportsIndirectInputEvents = YES;
				INFOPLIST_KEY_UILaunchScreen_Generation = YES;
				INFOPLIST_KEY_UISupportedInterfaceOrientations_iPad = "UIInterfaceOrientationPortrait UIInterfaceOrientationPortraitUpsideDown UIInterfaceOrientationLandscapeLeft UIInterfaceOrientationLandscapeRight";
				INFOPLIST_KEY_UISupportedInterfaceOrientations_iPhone = "UIInterfaceOrientationPortrait UIInterfaceOrientationLandscapeLeft UIInterfaceOrientationLandscapeRight";
				LD_RUNPATH_SEARCH_PATHS = (
					"$(inherited)",
					"@executable_path/Frameworks",
				);
				MARKETING_VERSION = 1.0;
				PRODUCT_BUNDLE_IDENTIFIER = at.guelly.Settings;
				PRODUCT_NAME = "$(TARGET_NAME)";
				SWIFT_EMIT_LOC_STRINGS = YES;
				SWIFT_VERSION = 5.0;
				TARGETED_DEVICE_FAMILY = "1,2";
			};
			name = Release;
		};
		DAA7685227416BAD0084C76D /* Debug */ = {
			isa = XCBuildConfiguration;
			buildSettings = {
				ALWAYS_EMBED_SWIFT_STANDARD_LIBRARIES = YES;
				BUNDLE_LOADER = "$(TEST_HOST)";
				CODE_SIGN_STYLE = Automatic;
				CURRENT_PROJECT_VERSION = 1;
				GENERATE_INFOPLIST_FILE = YES;
				IPHONEOS_DEPLOYMENT_TARGET = 15.0;
				LD_RUNPATH_SEARCH_PATHS = (
					"$(inherited)",
					"@executable_path/Frameworks",
					"@loader_path/Frameworks",
				);
				MARKETING_VERSION = 1.0;
				PRODUCT_BUNDLE_IDENTIFIER = at.guelly.SettingsTests;
				PRODUCT_NAME = "$(TARGET_NAME)";
				SWIFT_EMIT_LOC_STRINGS = NO;
				SWIFT_VERSION = 5.0;
				TARGETED_DEVICE_FAMILY = "1,2";
				TEST_HOST = "$(BUILT_PRODUCTS_DIR)/Settings.app/Settings";
			};
			name = Debug;
		};
		DAA7685327416BAD0084C76D /* Release */ = {
			isa = XCBuildConfiguration;
			buildSettings = {
				ALWAYS_EMBED_SWIFT_STANDARD_LIBRARIES = YES;
				BUNDLE_LOADER = "$(TEST_HOST)";
				CODE_SIGN_STYLE = Automatic;
				CURRENT_PROJECT_VERSION = 1;
				GENERATE_INFOPLIST_FILE = YES;
				IPHONEOS_DEPLOYMENT_TARGET = 15.0;
				LD_RUNPATH_SEARCH_PATHS = (
					"$(inherited)",
					"@executable_path/Frameworks",
					"@loader_path/Frameworks",
				);
				MARKETING_VERSION = 1.0;
				PRODUCT_BUNDLE_IDENTIFIER = at.guelly.SettingsTests;
				PRODUCT_NAME = "$(TARGET_NAME)";
				SWIFT_EMIT_LOC_STRINGS = NO;
				SWIFT_VERSION = 5.0;
				TARGETED_DEVICE_FAMILY = "1,2";
				TEST_HOST = "$(BUILT_PRODUCTS_DIR)/Settings.app/Settings";
			};
			name = Release;
		};
		DAA7685527416BAD0084C76D /* Debug */ = {
			isa = XCBuildConfiguration;
			buildSettings = {
				ALWAYS_EMBED_SWIFT_STANDARD_LIBRARIES = YES;
				CODE_SIGN_STYLE = Automatic;
				CURRENT_PROJECT_VERSION = 1;
				GENERATE_INFOPLIST_FILE = YES;
				LD_RUNPATH_SEARCH_PATHS = (
					"$(inherited)",
					"@executable_path/Frameworks",
					"@loader_path/Frameworks",
				);
				MARKETING_VERSION = 1.0;
				PRODUCT_BUNDLE_IDENTIFIER = at.guelly.SettingsUITests;
				PRODUCT_NAME = "$(TARGET_NAME)";
				SWIFT_EMIT_LOC_STRINGS = NO;
				SWIFT_VERSION = 5.0;
				TARGETED_DEVICE_FAMILY = "1,2";
				TEST_TARGET_NAME = Settings;
			};
			name = Debug;
		};
		DAA7685627416BAD0084C76D /* Release */ = {
			isa = XCBuildConfiguration;
			buildSettings = {
				ALWAYS_EMBED_SWIFT_STANDARD_LIBRARIES = YES;
				CODE_SIGN_STYLE = Automatic;
				CURRENT_PROJECT_VERSION = 1;
				GENERATE_INFOPLIST_FILE = YES;
				LD_RUNPATH_SEARCH_PATHS = (
					"$(inherited)",
					"@executable_path/Frameworks",
					"@loader_path/Frameworks",
				);
				MARKETING_VERSION = 1.0;
				PRODUCT_BUNDLE_IDENTIFIER = at.guelly.SettingsUITests;
				PRODUCT_NAME = "$(TARGET_NAME)";
				SWIFT_EMIT_LOC_STRINGS = NO;
				SWIFT_VERSION = 5.0;
				TARGETED_DEVICE_FAMILY = "1,2";
				TEST_TARGET_NAME = Settings;
			};
			name = Release;
		};
/* End XCBuildConfiguration section */

/* Begin XCConfigurationList section */
		DAA7682527416BAC0084C76D /* Build configuration list for PBXProject "Settings" */ = {
			isa = XCConfigurationList;
			buildConfigurations = (
				DAA7684C27416BAD0084C76D /* Debug */,
				DAA7684D27416BAD0084C76D /* Release */,
			);
			defaultConfigurationIsVisible = 0;
			defaultConfigurationName = Release;
		};
		DAA7684E27416BAD0084C76D /* Build configuration list for PBXNativeTarget "Settings" */ = {
			isa = XCConfigurationList;
			buildConfigurations = (
				DAA7684F27416BAD0084C76D /* Debug */,
				DAA7685027416BAD0084C76D /* Release */,
			);
			defaultConfigurationIsVisible = 0;
			defaultConfigurationName = Release;
		};
		DAA7685127416BAD0084C76D /* Build configuration list for PBXNativeTarget "SettingsTests" */ = {
			isa = XCConfigurationList;
			buildConfigurations = (
				DAA7685227416BAD0084C76D /* Debug */,
				DAA7685327416BAD0084C76D /* Release */,
			);
			defaultConfigurationIsVisible = 0;
			defaultConfigurationName = Release;
		};
		DAA7685427416BAD0084C76D /* Build configuration list for PBXNativeTarget "SettingsUITests" */ = {
			isa = XCConfigurationList;
			buildConfigurations = (
				DAA7685527416BAD0084C76D /* Debug */,
				DAA7685627416BAD0084C76D /* Release */,
			);
			defaultConfigurationIsVisible = 0;
			defaultConfigurationName = Release;
		};
/* End XCConfigurationList section */
	};
	rootObject = DAA7682227416BAC0084C76D /* Project object */;
}
